
Microsoft Visual Studio Solution File, Format Version 12.00
# Visual Studio 15
VisualStudioVersion = 15.0.27703.2035
MinimumVisualStudioVersion = 10.0.40219.1
Project("{FAE04EC0-301F-11D3-BF4B-00C04F79EFBC}") = "Capstone", "Capstone\Capstone.csproj", "{AC7C6461-0D70-46A5-AAB9-0B48D46C4520}"
EndProject
Global
	GlobalSection(SolutionConfigurationPlatforms) = preSolution
		Debug|Any CPU = Debug|Any CPU
		Release|Any CPU = Release|Any CPU
	EndGlobalSection
	GlobalSection(ProjectConfigurationPlatforms) = postSolution
		{AC7C6461-0D70-46A5-AAB9-0B48D46C4520}.Debug|Any CPU.ActiveCfg = Debug|Any CPU
		{AC7C6461-0D70-46A5-AAB9-0B48D46C4520}.Debug|Any CPU.Build.0 = Debug|Any CPU
		{AC7C6461-0D70-46A5-AAB9-0B48D46C4520}.Release|Any CPU.ActiveCfg = Release|Any CPU
		{AC7C6461-0D70-46A5-AAB9-0B48D46C4520}.Release|Any CPU.Build.0 = Release|Any CPU
	EndGlobalSection
	GlobalSection(SolutionProperties) = preSolution
		HideSolutionNode = FALSE
	EndGlobalSection
	GlobalSection(ExtensibilityGlobals) = postSolution
		SolutionGuid = {33485B13-D3BF-4D37-A55B-6286D5907BB6}
	EndGlobalSection
EndGlobal
